
Microsoft Visual Studio Solution File, Format Version 12.00
# Visual Studio 15
VisualStudioVersion = 15.0.27703.2035
MinimumVisualStudioVersion = 10.0.40219.1
Project("{2150E333-8FDC-42A3-9474-1A3956D46DE8}") = "src", "src", "{B0E82421-279E-420A-84DD-09D7BC56382C}"
EndProject
Project("{2150E333-8FDC-42A3-9474-1A3956D46DE8}") = "01.Presentation", "01.Presentation", "{2764DF13-4077-4816-B2FC-1728B41CAAB5}"
EndProject
Project("{2150E333-8FDC-42A3-9474-1A3956D46DE8}") = "02.Application", "02.Application", "{0EC5AED5-649D-4037-94F1-8E67D11A8415}"
EndProject
Project("{2150E333-8FDC-42A3-9474-1A3956D46DE8}") = "04.Infrastructure", "04.Infrastructure", "{03F1BF83-BDFB-4C54-A2FB-A154AB05ED6A}"
EndProject
Project("{2150E333-8FDC-42A3-9474-1A3956D46DE8}") = "03.Repository", "03.Repository", "{B37012F8-5A3E-44D2-9A53-68AC9506BD7E}"
EndProject
Project("{9A19103F-16F7-4668-BE54-9A1E7A4F7556}") = "Infrastructure", "Infrastructure\Infrastructure.csproj", "{0F5A2D76-B1A1-4013-A515-8721656BEA71}"
EndProject
Project("{9A19103F-16F7-4668-BE54-9A1E7A4F7556}") = "Repository", "Repository\Repository.csproj", "{2A7CD71A-59B7-460D-B0C7-78C387F54F42}"
EndProject
Project("{9A19103F-16F7-4668-BE54-9A1E7A4F7556}") = "NovelOnlie.Mvc", "NovelOnlie.Mvc\NovelOnlie.Mvc.csproj", "{CAA3C7AB-ADA8-4639-AA26-D6F26A8CA8AD}"
EndProject
Project("{9A19103F-16F7-4668-BE54-9A1E7A4F7556}") = "NovelOnline.App", "NovelOnline.App\NovelOnline.App.csproj", "{59541FC6-8CF4-4C3E-9FDE-207CE635155E}"
EndProject
Project("{2150E333-8FDC-42A3-9474-1A3956D46DE8}") = "05.BaseLibrary", "05.BaseLibrary", "{0D9894DB-9078-4206-B4BE-04F2A3720E3F}"
EndProject
Project("{9A19103F-16F7-4668-BE54-9A1E7A4F7556}") = "BaseLibrary", "BaseLibrary\BaseLibrary.csproj", "{40BEC907-05C3-4E6A-9216-2C0A7B1B6FE5}"
EndProject
Project("{9A19103F-16F7-4668-BE54-9A1E7A4F7556}") = "JJLibrary", "JJLibrary\JJLibrary.csproj", "{DEAE1731-3F47-40BC-8A67-B462D91A476A}"
EndProject
Project("{2150E333-8FDC-42A3-9474-1A3956D46DE8}") = "06.UnitTest", "06.UnitTest", "{CE3863E0-B12D-41A9-B400-2D3BB00270AA}"
EndProject
Project("{FAE04EC0-301F-11D3-BF4B-00C04F79EFBC}") = "LWXSLWXSLibrary", "LWXSLWXSLibrary\LWXSLWXSLibrary.csproj", "{26596AEC-D91F-4C03-8624-1CE096D9A4F8}"
EndProject
Project("{FAE04EC0-301F-11D3-BF4B-00C04F79EFBC}") = "ConsoleAppTest", "ConsoleAppTest\ConsoleAppTest.csproj", "{DDCA3F15-AB22-4C5F-A479-66712275EDE0}"
EndProject
Global
	GlobalSection(SolutionConfigurationPlatforms) = preSolution
		Debug|Any CPU = Debug|Any CPU
		Release|Any CPU = Release|Any CPU
	EndGlobalSection
	GlobalSection(ProjectConfigurationPlatforms) = postSolution
		{0F5A2D76-B1A1-4013-A515-8721656BEA71}.Debug|Any CPU.ActiveCfg = Debug|Any CPU
		{0F5A2D76-B1A1-4013-A515-8721656BEA71}.Debug|Any CPU.Build.0 = Debug|Any CPU
		{0F5A2D76-B1A1-4013-A515-8721656BEA71}.Release|Any CPU.ActiveCfg = Release|Any CPU
		{0F5A2D76-B1A1-4013-A515-8721656BEA71}.Release|Any CPU.Build.0 = Release|Any CPU
		{2A7CD71A-59B7-460D-B0C7-78C387F54F42}.Debug|Any CPU.ActiveCfg = Debug|Any CPU
		{2A7CD71A-59B7-460D-B0C7-78C387F54F42}.Debug|Any CPU.Build.0 = Debug|Any CPU
		{2A7CD71A-59B7-460D-B0C7-78C387F54F42}.Release|Any CPU.ActiveCfg = Release|Any CPU
		{2A7CD71A-59B7-460D-B0C7-78C387F54F42}.Release|Any CPU.Build.0 = Release|Any CPU
		{CAA3C7AB-ADA8-4639-AA26-D6F26A8CA8AD}.Debug|Any CPU.ActiveCfg = Debug|Any CPU
		{CAA3C7AB-ADA8-4639-AA26-D6F26A8CA8AD}.Debug|Any CPU.Build.0 = Debug|Any CPU
		{CAA3C7AB-ADA8-4639-AA26-D6F26A8CA8AD}.Release|Any CPU.ActiveCfg = Release|Any CPU
		{CAA3C7AB-ADA8-4639-AA26-D6F26A8CA8AD}.Release|Any CPU.Build.0 = Release|Any CPU
		{59541FC6-8CF4-4C3E-9FDE-207CE635155E}.Debug|Any CPU.ActiveCfg = Debug|Any CPU
		{59541FC6-8CF4-4C3E-9FDE-207CE635155E}.Debug|Any CPU.Build.0 = Debug|Any CPU
		{59541FC6-8CF4-4C3E-9FDE-207CE635155E}.Release|Any CPU.ActiveCfg = Release|Any CPU
		{59541FC6-8CF4-4C3E-9FDE-207CE635155E}.Release|Any CPU.Build.0 = Release|Any CPU
		{40BEC907-05C3-4E6A-9216-2C0A7B1B6FE5}.Debug|Any CPU.ActiveCfg = Debug|Any CPU
		{40BEC907-05C3-4E6A-9216-2C0A7B1B6FE5}.Debug|Any CPU.Build.0 = Debug|Any CPU
		{40BEC907-05C3-4E6A-9216-2C0A7B1B6FE5}.Release|Any CPU.ActiveCfg = Release|Any CPU
		{40BEC907-05C3-4E6A-9216-2C0A7B1B6FE5}.Release|Any CPU.Build.0 = Release|Any CPU
		{DEAE1731-3F47-40BC-8A67-B462D91A476A}.Debug|Any CPU.ActiveCfg = Debug|Any CPU
		{DEAE1731-3F47-40BC-8A67-B462D91A476A}.Debug|Any CPU.Build.0 = Debug|Any CPU
		{DEAE1731-3F47-40BC-8A67-B462D91A476A}.Release|Any CPU.ActiveCfg = Release|Any CPU
		{DEAE1731-3F47-40BC-8A67-B462D91A476A}.Release|Any CPU.Build.0 = Release|Any CPU
		{26596AEC-D91F-4C03-8624-1CE096D9A4F8}.Debug|Any CPU.ActiveCfg = Debug|Any CPU
		{26596AEC-D91F-4C03-8624-1CE096D9A4F8}.Debug|Any CPU.Build.0 = Debug|Any CPU
		{26596AEC-D91F-4C03-8624-1CE096D9A4F8}.Release|Any CPU.ActiveCfg = Release|Any CPU
		{26596AEC-D91F-4C03-8624-1CE096D9A4F8}.Release|Any CPU.Build.0 = Release|Any CPU
		{DDCA3F15-AB22-4C5F-A479-66712275EDE0}.Debug|Any CPU.ActiveCfg = Debug|Any CPU
		{DDCA3F15-AB22-4C5F-A479-66712275EDE0}.Debug|Any CPU.Build.0 = Debug|Any CPU
		{DDCA3F15-AB22-4C5F-A479-66712275EDE0}.Release|Any CPU.ActiveCfg = Release|Any CPU
		{DDCA3F15-AB22-4C5F-A479-66712275EDE0}.Release|Any CPU.Build.0 = Release|Any CPU
	EndGlobalSection
	GlobalSection(SolutionProperties) = preSolution
		HideSolutionNode = FALSE
	EndGlobalSection
	GlobalSection(NestedProjects) = preSolution
		{2764DF13-4077-4816-B2FC-1728B41CAAB5} = {B0E82421-279E-420A-84DD-09D7BC56382C}
		{0EC5AED5-649D-4037-94F1-8E67D11A8415} = {B0E82421-279E-420A-84DD-09D7BC56382C}
		{03F1BF83-BDFB-4C54-A2FB-A154AB05ED6A} = {B0E82421-279E-420A-84DD-09D7BC56382C}
		{B37012F8-5A3E-44D2-9A53-68AC9506BD7E} = {B0E82421-279E-420A-84DD-09D7BC56382C}
		{0F5A2D76-B1A1-4013-A515-8721656BEA71} = {03F1BF83-BDFB-4C54-A2FB-A154AB05ED6A}
		{2A7CD71A-59B7-460D-B0C7-78C387F54F42} = {B37012F8-5A3E-44D2-9A53-68AC9506BD7E}
		{CAA3C7AB-ADA8-4639-AA26-D6F26A8CA8AD} = {2764DF13-4077-4816-B2FC-1728B41CAAB5}
		{59541FC6-8CF4-4C3E-9FDE-207CE635155E} = {0EC5AED5-649D-4037-94F1-8E67D11A8415}
		{0D9894DB-9078-4206-B4BE-04F2A3720E3F} = {B0E82421-279E-420A-84DD-09D7BC56382C}
		{40BEC907-05C3-4E6A-9216-2C0A7B1B6FE5} = {0D9894DB-9078-4206-B4BE-04F2A3720E3F}
		{DEAE1731-3F47-40BC-8A67-B462D91A476A} = {0D9894DB-9078-4206-B4BE-04F2A3720E3F}
		{CE3863E0-B12D-41A9-B400-2D3BB00270AA} = {B0E82421-279E-420A-84DD-09D7BC56382C}
		{26596AEC-D91F-4C03-8624-1CE096D9A4F8} = {0D9894DB-9078-4206-B4BE-04F2A3720E3F}
		{DDCA3F15-AB22-4C5F-A479-66712275EDE0} = {0D9894DB-9078-4206-B4BE-04F2A3720E3F}
	EndGlobalSection
	GlobalSection(ExtensibilityGlobals) = postSolution
		SolutionGuid = {14F0D643-4218-4ECC-9B9B-DA47CBA9B3C9}
	EndGlobalSection
EndGlobal
